PODS:
  - Cosmos (11.0.3)
  - SwiftyJSON (3.1.4)

DEPENDENCIES:
  - Cosmos (~> 11.0)
  - SwiftyJSON

SPEC CHECKSUMS:
  Cosmos: eb506859929f4add2d2aec822a27efb2f718a95d
  SwiftyJSON: c2842d878f95482ffceec5709abc3d05680c0220

PODFILE CHECKSUM: 268789f6a6292c7bcd76adc3abfa5b812f05b751

COCOAPODS: 1.3.1
