// !$*UTF8*$!
{
	archiveVersion = 1;
	classes = {
	};
	objectVersion = 46;
	objects = {

/* Begin PBXBuildFile section */
		02184E481FBA7D0F000F431B /* CreateReviewVC.swift in Sources */ = {isa = PBXBuildFile; fileRef = 02184E471FBA7D0F000F431B /* CreateReviewVC.swift */; };
		022B7B841FA82F6500BD8103 /* EditReviewPage.storyboard in Resources */ = {isa = PBXBuildFile; fileRef = 022B7B831FA82F6500BD8103 /* EditReviewPage.storyboard */; };
		022B7B861FA8307E00BD8103 /* EditReviewPageVC.swift in Sources */ = {isa = PBXBuildFile; fileRef = 022B7B851FA8307E00BD8103 /* EditReviewPageVC.swift */; };
		0245DD801F902916000B26F5 /* User.swift in Sources */ = {isa = PBXBuildFile; fileRef = 0245DD7F1F902916000B26F5 /* User.swift */; };
		0245DD821F902A56000B26F5 /* Poll.swift in Sources */ = {isa = PBXBuildFile; fileRef = 0245DD811F902A56000B26F5 /* Poll.swift */; };
		0245DD841F902A5F000B26F5 /* Review.swift in Sources */ = {isa = PBXBuildFile; fileRef = 0245DD831F902A5F000B26F5 /* Review.swift */; };
		024FA0291F918C9A0088EABB /* SpecificReviewCell.swift in Sources */ = {isa = PBXBuildFile; fileRef = 024FA0271F918C9A0088EABB /* SpecificReviewCell.swift */; };
		024FA02A1F918C9A0088EABB /* SpecificReviewCell.xib in Resources */ = {isa = PBXBuildFile; fileRef = 024FA0281F918C9A0088EABB /* SpecificReviewCell.xib */; };
		026E11A51F9058A50075FF7D /* FeedbackVC.swift in Sources */ = {isa = PBXBuildFile; fileRef = 026E11A41F9058A50075FF7D /* FeedbackVC.swift */; };
		026E11A71F9061E70075FF7D /* Post.swift in Sources */ = {isa = PBXBuildFile; fileRef = 026E11A61F9061E70075FF7D /* Post.swift */; };
		026E11B41F90722F0075FF7D /* SpecificPollCell.swift in Sources */ = {isa = PBXBuildFile; fileRef = 026E11B21F90722F0075FF7D /* SpecificPollCell.swift */; };
		026E11B51F90722F0075FF7D /* SpecificPollCell.xib in Resources */ = {isa = PBXBuildFile; fileRef = 026E11B31F90722F0075FF7D /* SpecificPollCell.xib */; };
		02B0BF6A1F92D0FF007A159F /* AnswerCell.swift in Sources */ = {isa = PBXBuildFile; fileRef = 02B0BF691F92D0FF007A159F /* AnswerCell.swift */; };
		02B0BF6C1F932BE3007A159F /* Topic.swift in Sources */ = {isa = PBXBuildFile; fileRef = 02B0BF6B1F932BE3007A159F /* Topic.swift */; };
		02D57DF51F88575B0086E002 /* Settings.storyboard in Resources */ = {isa = PBXBuildFile; fileRef = 02D57DF41F88575B0086E002 /* Settings.storyboard */; };
		02D95BCD1F8B231400E57721 /* Notif.swift in Sources */ = {isa = PBXBuildFile; fileRef = 02D95BCC1F8B231400E57721 /* Notif.swift */; };
		02D95BCF1F8B232F00E57721 /* NotificationCell.swift in Sources */ = {isa = PBXBuildFile; fileRef = 02D95BCE1F8B232F00E57721 /* NotificationCell.swift */; };
		02E31B751F90494000B4AAF2 /* rateVC.swift in Sources */ = {isa = PBXBuildFile; fileRef = 02E31B741F90494000B4AAF2 /* rateVC.swift */; };
		02F181F31F8957F700172C63 /* notificationsVC.swift in Sources */ = {isa = PBXBuildFile; fileRef = 02F181F21F8957F700172C63 /* notificationsVC.swift */; };
		02F2CB181F8804540013F88D /* SettingsVC.swift in Sources */ = {isa = PBXBuildFile; fileRef = 02F2CB171F8804540013F88D /* SettingsVC.swift */; };
		02F2CB1C1F880BA50013F88D /* ChangePassword.swift in Sources */ = {isa = PBXBuildFile; fileRef = 02F2CB1B1F880BA50013F88D /* ChangePassword.swift */; };
		280F1A0F1F92C75C00CFB879 /* Constants.swift in Sources */ = {isa = PBXBuildFile; fileRef = 280F1A0E1F92C75C00CFB879 /* Constants.swift */; };
		28BE28721F917E8100557D85 /* BackendConnector.swift in Sources */ = {isa = PBXBuildFile; fileRef = 28BE28711F917E8100557D85 /* BackendConnector.swift */; };
		7537F0D71F906EEC00839AB3 /* TopicPollCell.swift in Sources */ = {isa = PBXBuildFile; fileRef = 7537F0D61F906EEC00839AB3 /* TopicPollCell.swift */; };
		7578151A1F9442F200D6F1C0 /* TopicPageReviewCell.swift in Sources */ = {isa = PBXBuildFile; fileRef = 757815191F9442F200D6F1C0 /* TopicPageReviewCell.swift */; };
		758A329B1F85A4D900838DDA /* AppDelegate.swift in Sources */ = {isa = PBXBuildFile; fileRef = 758A329A1F85A4D900838DDA /* AppDelegate.swift */; };
		758A32A01F85A4D900838DDA /* Main.storyboard in Resources */ = {isa = PBXBuildFile; fileRef = 758A329E1F85A4D900838DDA /* Main.storyboard */; };
		758A32A51F85A4D900838DDA /* LaunchScreen.storyboard in Resources */ = {isa = PBXBuildFile; fileRef = 758A32A31F85A4D900838DDA /* LaunchScreen.storyboard */; };
		758A32AD1F85A71000838DDA /* LoginViewController.swift in Sources */ = {isa = PBXBuildFile; fileRef = 758A32AC1F85A71000838DDA /* LoginViewController.swift */; };
		758A32B11F87040C00838DDA /* TabBar.storyboard in Resources */ = {isa = PBXBuildFile; fileRef = 758A32B01F87040C00838DDA /* TabBar.storyboard */; };
		758A32B31F8704D700838DDA /* HomePage.storyboard in Resources */ = {isa = PBXBuildFile; fileRef = 758A32B21F8704D700838DDA /* HomePage.storyboard */; };
		758A32B71F87068A00838DDA /* HomePage.swift in Sources */ = {isa = PBXBuildFile; fileRef = 758A32B61F87068A00838DDA /* HomePage.swift */; };
		758A32B91F8708CB00838DDA /* TabBar.swift in Sources */ = {isa = PBXBuildFile; fileRef = 758A32B81F8708CB00838DDA /* TabBar.swift */; };
		758A32BB1F8709BE00838DDA /* MyPosts.storyboard in Resources */ = {isa = PBXBuildFile; fileRef = 758A32BA1F8709BE00838DDA /* MyPosts.storyboard */; };
		758A32BD1F8709EC00838DDA /* MyPostsVC.swift in Sources */ = {isa = PBXBuildFile; fileRef = 758A32BC1F8709EC00838DDA /* MyPostsVC.swift */; };
		758A32C11F870B3300838DDA /* Search.storyboard in Resources */ = {isa = PBXBuildFile; fileRef = 758A32C01F870B3300838DDA /* Search.storyboard */; };
		758A32C31F870B4E00838DDA /* SearchVC.swift in Sources */ = {isa = PBXBuildFile; fileRef = 758A32C21F870B4E00838DDA /* SearchVC.swift */; };
		758A32C51F870BE500838DDA /* CreateNewPost.storyboard in Resources */ = {isa = PBXBuildFile; fileRef = 758A32C41F870BE500838DDA /* CreateNewPost.storyboard */; };
		758A32C71F870BFE00838DDA /* CreateNewPostVC.swift in Sources */ = {isa = PBXBuildFile; fileRef = 758A32C61F870BFE00838DDA /* CreateNewPostVC.swift */; };
		758A32CD1F8836FA00838DDA /* (null) in Sources */ = {isa = PBXBuildFile; };
		758A32D11F8B326E00838DDA /* TopicReviewCell.swift in Sources */ = {isa = PBXBuildFile; fileRef = 758A32D01F8B326E00838DDA /* TopicReviewCell.swift */; };
		75C838391FA16D5000643EFF /* KnowItAllUITests.swift in Sources */ = {isa = PBXBuildFile; fileRef = 75C838381FA16D5000643EFF /* KnowItAllUITests.swift */; };
		75D59E411F8C3A3C00F3C854 /* Assets.xcassets in Resources */ = {isa = PBXBuildFile; fileRef = 75D59E401F8C3A3C00F3C854 /* Assets.xcassets */; };
		75F135391F92BBAD00C07A0F /* PollPage.storyboard in Resources */ = {isa = PBXBuildFile; fileRef = 75F135381F92BBAD00C07A0F /* PollPage.storyboard */; };
		75F1353B1F92C1F200C07A0F /* ReviewPage.storyboard in Resources */ = {isa = PBXBuildFile; fileRef = 75F1353A1F92C1F200C07A0F /* ReviewPage.storyboard */; };
		75F1353D1F92C81300C07A0F /* PollVC.swift in Sources */ = {isa = PBXBuildFile; fileRef = 75F1353C1F92C81300C07A0F /* PollVC.swift */; };
		75F1353F1F92C85100C07A0F /* ReviewVC.swift in Sources */ = {isa = PBXBuildFile; fileRef = 75F1353E1F92C85100C07A0F /* ReviewVC.swift */; };
		75F135411F92E09400C07A0F /* PollOptionCell.swift in Sources */ = {isa = PBXBuildFile; fileRef = 75F135401F92E09400C07A0F /* PollOptionCell.swift */; };
		D7F611A08214354BF451E914 /* Pods_KnowItAll.framework in Frameworks */ = {isa = PBXBuildFile; fileRef = 71C559B9AFC5385A1C0EB1EC /* Pods_KnowItAll.framework */; };
/* End PBXBuildFile section */

/* Begin PBXContainerItemProxy section */
		75C8383B1FA16D5000643EFF /* PBXContainerItemProxy */ = {
			isa = PBXContainerItemProxy;
			containerPortal = 758A328F1F85A4D900838DDA /* Project object */;
			proxyType = 1;
			remoteGlobalIDString = 758A32961F85A4D900838DDA;
			remoteInfo = KnowItAll;
		};
/* End PBXContainerItemProxy section */

/* Begin PBXFileReference section */
		02184E471FBA7D0F000F431B /* CreateReviewVC.swift */ = {isa = PBXFileReference; fileEncoding = 4; lastKnownFileType = sourcecode.swift; path = CreateReviewVC.swift; sourceTree = "<group>"; };
		022B7B831FA82F6500BD8103 /* EditReviewPage.storyboard */ = {isa = PBXFileReference; lastKnownFileType = file.storyboard; name = EditReviewPage.storyboard; path = KnowItAll/EditReviewPage.storyboard; sourceTree = SOURCE_ROOT; };
		022B7B851FA8307E00BD8103 /* EditReviewPageVC.swift */ = {isa = PBXFileReference; lastKnownFileType = sourcecode.swift; path = EditReviewPageVC.swift; sourceTree = "<group>"; };
		0245DD7F1F902916000B26F5 /* User.swift */ = {isa = PBXFileReference; lastKnownFileType = sourcecode.swift; path = User.swift; sourceTree = "<group>"; };
		0245DD811F902A56000B26F5 /* Poll.swift */ = {isa = PBXFileReference; lastKnownFileType = sourcecode.swift; path = Poll.swift; sourceTree = "<group>"; };
		0245DD831F902A5F000B26F5 /* Review.swift */ = {isa = PBXFileReference; lastKnownFileType = sourcecode.swift; path = Review.swift; sourceTree = "<group>"; };
		024FA0271F918C9A0088EABB /* SpecificReviewCell.swift */ = {isa = PBXFileReference; lastKnownFileType = sourcecode.swift; path = SpecificReviewCell.swift; sourceTree = "<group>"; };
		024FA0281F918C9A0088EABB /* SpecificReviewCell.xib */ = {isa = PBXFileReference; lastKnownFileType = file.xib; path = SpecificReviewCell.xib; sourceTree = "<group>"; };
		026E11A41F9058A50075FF7D /* FeedbackVC.swift */ = {isa = PBXFileReference; lastKnownFileType = sourcecode.swift; path = FeedbackVC.swift; sourceTree = "<group>"; };
		026E11A61F9061E70075FF7D /* Post.swift */ = {isa = PBXFileReference; lastKnownFileType = sourcecode.swift; path = Post.swift; sourceTree = "<group>"; };
		026E11B21F90722F0075FF7D /* SpecificPollCell.swift */ = {isa = PBXFileReference; lastKnownFileType = sourcecode.swift; path = SpecificPollCell.swift; sourceTree = "<group>"; };
		026E11B31F90722F0075FF7D /* SpecificPollCell.xib */ = {isa = PBXFileReference; lastKnownFileType = file.xib; path = SpecificPollCell.xib; sourceTree = "<group>"; };
		02B0BF691F92D0FF007A159F /* AnswerCell.swift */ = {isa = PBXFileReference; lastKnownFileType = sourcecode.swift; path = AnswerCell.swift; sourceTree = "<group>"; };
		02B0BF6B1F932BE3007A159F /* Topic.swift */ = {isa = PBXFileReference; lastKnownFileType = sourcecode.swift; path = Topic.swift; sourceTree = "<group>"; };
		02D57DF41F88575B0086E002 /* Settings.storyboard */ = {isa = PBXFileReference; fileEncoding = 4; lastKnownFileType = file.storyboard; path = Settings.storyboard; sourceTree = "<group>"; };
		02D95BCC1F8B231400E57721 /* Notif.swift */ = {isa = PBXFileReference; lastKnownFileType = sourcecode.swift; path = Notif.swift; sourceTree = "<group>"; };
		02D95BCE1F8B232F00E57721 /* NotificationCell.swift */ = {isa = PBXFileReference; lastKnownFileType = sourcecode.swift; path = NotificationCell.swift; sourceTree = "<group>"; };
		02E31B741F90494000B4AAF2 /* rateVC.swift */ = {isa = PBXFileReference; lastKnownFileType = sourcecode.swift; path = rateVC.swift; sourceTree = "<group>"; };
		02F181F21F8957F700172C63 /* notificationsVC.swift */ = {isa = PBXFileReference; lastKnownFileType = sourcecode.swift; path = notificationsVC.swift; sourceTree = "<group>"; };
		02F2CB171F8804540013F88D /* SettingsVC.swift */ = {isa = PBXFileReference; lastKnownFileType = sourcecode.swift; path = SettingsVC.swift; sourceTree = "<group>"; };
		02F2CB1B1F880BA50013F88D /* ChangePassword.swift */ = {isa = PBXFileReference; lastKnownFileType = sourcecode.swift; path = ChangePassword.swift; sourceTree = "<group>"; };
		280F1A0E1F92C75C00CFB879 /* Constants.swift */ = {isa = PBXFileReference; lastKnownFileType = sourcecode.swift; path = Constants.swift; sourceTree = "<group>"; };
		282DE12C1F91CF9A00EE440D /* Alamofire.framework */ = {isa = PBXFileReference; explicitFileType = wrapper.framework; path = Alamofire.framework; sourceTree = BUILT_PRODUCTS_DIR; };
		28BE28711F917E8100557D85 /* BackendConnector.swift */ = {isa = PBXFileReference; lastKnownFileType = sourcecode.swift; path = BackendConnector.swift; sourceTree = "<group>"; };
		505B88AA0558E2344579971B /* Pods-KnowItAll.release.xcconfig */ = {isa = PBXFileReference; includeInIndex = 1; lastKnownFileType = text.xcconfig; name = "Pods-KnowItAll.release.xcconfig"; path = "Pods/Target Support Files/Pods-KnowItAll/Pods-KnowItAll.release.xcconfig"; sourceTree = "<group>"; };
		71C559B9AFC5385A1C0EB1EC /* Pods_KnowItAll.framework */ = {isa = PBXFileReference; explicitFileType = wrapper.framework; includeInIndex = 0; path = Pods_KnowItAll.framework; sourceTree = BUILT_PRODUCTS_DIR; };
		7537F0D61F906EEC00839AB3 /* TopicPollCell.swift */ = {isa = PBXFileReference; fileEncoding = 4; lastKnownFileType = sourcecode.swift; path = TopicPollCell.swift; sourceTree = "<group>"; };
		757815191F9442F200D6F1C0 /* TopicPageReviewCell.swift */ = {isa = PBXFileReference; lastKnownFileType = sourcecode.swift; path = TopicPageReviewCell.swift; sourceTree = "<group>"; };
		758A32971F85A4D900838DDA /* KnowItAll.app */ = {isa = PBXFileReference; explicitFileType = wrapper.application; includeInIndex = 0; path = KnowItAll.app; sourceTree = BUILT_PRODUCTS_DIR; };
		758A329A1F85A4D900838DDA /* AppDelegate.swift */ = {isa = PBXFileReference; lastKnownFileType = sourcecode.swift; path = AppDelegate.swift; sourceTree = "<group>"; };
		758A329F1F85A4D900838DDA /* Base */ = {isa = PBXFileReference; lastKnownFileType = file.storyboard; name = Base; path = Base.lproj/Main.storyboard; sourceTree = "<group>"; };
		758A32A41F85A4D900838DDA /* Base */ = {isa = PBXFileReference; lastKnownFileType = file.storyboard; name = Base; path = Base.lproj/LaunchScreen.storyboard; sourceTree = "<group>"; };
		758A32A61F85A4D900838DDA /* Info.plist */ = {isa = PBXFileReference; lastKnownFileType = text.plist.xml; path = Info.plist; sourceTree = "<group>"; };
		758A32AC1F85A71000838DDA /* LoginViewController.swift */ = {isa = PBXFileReference; fileEncoding = 4; lastKnownFileType = sourcecode.swift; path = LoginViewController.swift; sourceTree = "<group>"; };
		758A32B01F87040C00838DDA /* TabBar.storyboard */ = {isa = PBXFileReference; fileEncoding = 4; lastKnownFileType = file.storyboard; path = TabBar.storyboard; sourceTree = "<group>"; };
		758A32B21F8704D700838DDA /* HomePage.storyboard */ = {isa = PBXFileReference; fileEncoding = 4; lastKnownFileType = file.storyboard; path = HomePage.storyboard; sourceTree = "<group>"; };
		758A32B61F87068A00838DDA /* HomePage.swift */ = {isa = PBXFileReference; fileEncoding = 4; lastKnownFileType = sourcecode.swift; path = HomePage.swift; sourceTree = "<group>"; };
		758A32B81F8708CB00838DDA /* TabBar.swift */ = {isa = PBXFileReference; fileEncoding = 4; lastKnownFileType = sourcecode.swift; path = TabBar.swift; sourceTree = "<group>"; };
		758A32BA1F8709BE00838DDA /* MyPosts.storyboard */ = {isa = PBXFileReference; fileEncoding = 4; lastKnownFileType = file.storyboard; path = MyPosts.storyboard; sourceTree = "<group>"; };
		758A32BC1F8709EC00838DDA /* MyPostsVC.swift */ = {isa = PBXFileReference; fileEncoding = 4; lastKnownFileType = sourcecode.swift; path = MyPostsVC.swift; sourceTree = "<group>"; };
		758A32C01F870B3300838DDA /* Search.storyboard */ = {isa = PBXFileReference; fileEncoding = 4; lastKnownFileType = file.storyboard; path = Search.storyboard; sourceTree = "<group>"; };
		758A32C21F870B4E00838DDA /* SearchVC.swift */ = {isa = PBXFileReference; fileEncoding = 4; lastKnownFileType = sourcecode.swift; path = SearchVC.swift; sourceTree = "<group>"; };
		758A32C41F870BE500838DDA /* CreateNewPost.storyboard */ = {isa = PBXFileReference; fileEncoding = 4; lastKnownFileType = file.storyboard; path = CreateNewPost.storyboard; sourceTree = "<group>"; };
		758A32C61F870BFE00838DDA /* CreateNewPostVC.swift */ = {isa = PBXFileReference; fileEncoding = 4; lastKnownFileType = sourcecode.swift; path = CreateNewPostVC.swift; sourceTree = "<group>"; };
		758A32D01F8B326E00838DDA /* TopicReviewCell.swift */ = {isa = PBXFileReference; fileEncoding = 4; lastKnownFileType = sourcecode.swift; path = TopicReviewCell.swift; sourceTree = "<group>"; };
		75C838361FA16D5000643EFF /* KnowItAllUITests.xctest */ = {isa = PBXFileReference; explicitFileType = wrapper.cfbundle; includeInIndex = 0; path = KnowItAllUITests.xctest; sourceTree = BUILT_PRODUCTS_DIR; };
		75C838381FA16D5000643EFF /* KnowItAllUITests.swift */ = {isa = PBXFileReference; lastKnownFileType = sourcecode.swift; path = KnowItAllUITests.swift; sourceTree = "<group>"; };
		75C8383A1FA16D5000643EFF /* Info.plist */ = {isa = PBXFileReference; lastKnownFileType = text.plist.xml; path = Info.plist; sourceTree = "<group>"; };
		75D59E401F8C3A3C00F3C854 /* Assets.xcassets */ = {isa = PBXFileReference; lastKnownFileType = folder.assetcatalog; path = Assets.xcassets; sourceTree = "<group>"; };
		75F135381F92BBAD00C07A0F /* PollPage.storyboard */ = {isa = PBXFileReference; lastKnownFileType = file.storyboard; path = PollPage.storyboard; sourceTree = "<group>"; };
		75F1353A1F92C1F200C07A0F /* ReviewPage.storyboard */ = {isa = PBXFileReference; lastKnownFileType = file.storyboard; path = ReviewPage.storyboard; sourceTree = "<group>"; };
		75F1353C1F92C81300C07A0F /* PollVC.swift */ = {isa = PBXFileReference; lastKnownFileType = sourcecode.swift; path = PollVC.swift; sourceTree = "<group>"; };
		75F1353E1F92C85100C07A0F /* ReviewVC.swift */ = {isa = PBXFileReference; lastKnownFileType = sourcecode.swift; path = ReviewVC.swift; sourceTree = "<group>"; };
		75F135401F92E09400C07A0F /* PollOptionCell.swift */ = {isa = PBXFileReference; lastKnownFileType = sourcecode.swift; path = PollOptionCell.swift; sourceTree = "<group>"; };
		7EBDFBE2BA2E3DA09DA4C697 /* Pods-KnowItAll.debug.xcconfig */ = {isa = PBXFileReference; includeInIndex = 1; lastKnownFileType = text.xcconfig; name = "Pods-KnowItAll.debug.xcconfig"; path = "Pods/Target Support Files/Pods-KnowItAll/Pods-KnowItAll.debug.xcconfig"; sourceTree = "<group>"; };
/* End PBXFileReference section */

/* Begin PBXFrameworksBuildPhase section */
		758A32941F85A4D900838DDA /* Frameworks */ = {
			isa = PBXFrameworksBuildPhase;
			buildActionMask = 2147483647;
			files = (
				D7F611A08214354BF451E914 /* Pods_KnowItAll.framework in Frameworks */,
			);
			runOnlyForDeploymentPostprocessing = 0;
		};
		75C838331FA16D5000643EFF /* Frameworks */ = {
			isa = PBXFrameworksBuildPhase;
			buildActionMask = 2147483647;
			files = (
			);
			runOnlyForDeploymentPostprocessing = 0;
		};
/* End PBXFrameworksBuildPhase section */

/* Begin PBXGroup section */
		0245DD851F903597000B26F5 /* Data Models */ = {
			isa = PBXGroup;
			children = (
				02B0BF6B1F932BE3007A159F /* Topic.swift */,
				02D95BCC1F8B231400E57721 /* Notif.swift */,
				0245DD811F902A56000B26F5 /* Poll.swift */,
				0245DD831F902A5F000B26F5 /* Review.swift */,
				0245DD7F1F902916000B26F5 /* User.swift */,
				026E11A61F9061E70075FF7D /* Post.swift */,
			);
			path = "Data Models";
			sourceTree = "<group>";
		};
		0245DD861F9035A5000B26F5 /* Custom Classes */ = {
			isa = PBXGroup;
			children = (
				02B0BF691F92D0FF007A159F /* AnswerCell.swift */,
				024FA0271F918C9A0088EABB /* SpecificReviewCell.swift */,
				024FA0281F918C9A0088EABB /* SpecificReviewCell.xib */,
				026E11B21F90722F0075FF7D /* SpecificPollCell.swift */,
				026E11B31F90722F0075FF7D /* SpecificPollCell.xib */,
				758A32D01F8B326E00838DDA /* TopicReviewCell.swift */,
				02D95BCE1F8B232F00E57721 /* NotificationCell.swift */,
				7537F0D61F906EEC00839AB3 /* TopicPollCell.swift */,
				280F1A0E1F92C75C00CFB879 /* Constants.swift */,
				75F135401F92E09400C07A0F /* PollOptionCell.swift */,
				757815191F9442F200D6F1C0 /* TopicPageReviewCell.swift */,
			);
			path = "Custom Classes";
			sourceTree = "<group>";
		};
		02D95BC91F8B1FD800E57721 /* Util */ = {
			isa = PBXGroup;
			children = (
				0245DD851F903597000B26F5 /* Data Models */,
				0245DD861F9035A5000B26F5 /* Custom Classes */,
				28BE28711F917E8100557D85 /* BackendConnector.swift */,
			);
			name = Util;
			path = ..;
			sourceTree = "<group>";
		};
		14B0B3FD06F9CAB38F791C61 /* Pods */ = {
			isa = PBXGroup;
			children = (
				7EBDFBE2BA2E3DA09DA4C697 /* Pods-KnowItAll.debug.xcconfig */,
				505B88AA0558E2344579971B /* Pods-KnowItAll.release.xcconfig */,
			);
			name = Pods;
			sourceTree = "<group>";
		};
		1A35821AC1C75C0F9FBDA444 /* Frameworks */ = {
			isa = PBXGroup;
			children = (
				282DE12C1F91CF9A00EE440D /* Alamofire.framework */,
				71C559B9AFC5385A1C0EB1EC /* Pods_KnowItAll.framework */,
			);
			name = Frameworks;
			sourceTree = "<group>";
		};
		758A328E1F85A4D900838DDA = {
			isa = PBXGroup;
			children = (
				758A32991F85A4D900838DDA /* KnowItAll */,
				75C838371FA16D5000643EFF /* KnowItAllUITests */,
				758A32981F85A4D900838DDA /* Products */,
				14B0B3FD06F9CAB38F791C61 /* Pods */,
				1A35821AC1C75C0F9FBDA444 /* Frameworks */,
			);
			sourceTree = "<group>";
		};
		758A32981F85A4D900838DDA /* Products */ = {
			isa = PBXGroup;
			children = (
				758A32971F85A4D900838DDA /* KnowItAll.app */,
				75C838361FA16D5000643EFF /* KnowItAllUITests.xctest */,
			);
			name = Products;
			sourceTree = "<group>";
		};
		758A32991F85A4D900838DDA /* KnowItAll */ = {
			isa = PBXGroup;
			children = (
				02D95BC91F8B1FD800E57721 /* Util */,
				758A32BF1F870A6900838DDA /* ViewControllers */,
				758A329A1F85A4D900838DDA /* AppDelegate.swift */,
				75D59E401F8C3A3C00F3C854 /* Assets.xcassets */,
				758A32BE1F870A5A00838DDA /* StoryBoards */,
				758A32B81F8708CB00838DDA /* TabBar.swift */,
				758A32A31F85A4D900838DDA /* LaunchScreen.storyboard */,
				758A32A61F85A4D900838DDA /* Info.plist */,
			);
			path = KnowItAll;
			sourceTree = "<group>";
		};
		758A32BE1F870A5A00838DDA /* StoryBoards */ = {
			isa = PBXGroup;
			children = (
				758A329E1F85A4D900838DDA /* Main.storyboard */,
				022B7B831FA82F6500BD8103 /* EditReviewPage.storyboard */,
				758A32B01F87040C00838DDA /* TabBar.storyboard */,
				02D57DF41F88575B0086E002 /* Settings.storyboard */,
				758A32C41F870BE500838DDA /* CreateNewPost.storyboard */,
				758A32C01F870B3300838DDA /* Search.storyboard */,
				758A32BA1F8709BE00838DDA /* MyPosts.storyboard */,
				758A32B21F8704D700838DDA /* HomePage.storyboard */,
				75F1353A1F92C1F200C07A0F /* ReviewPage.storyboard */,
				75F135381F92BBAD00C07A0F /* PollPage.storyboard */,
			);
			name = StoryBoards;
			sourceTree = "<group>";
		};
		758A32BF1F870A6900838DDA /* ViewControllers */ = {
			isa = PBXGroup;
			children = (
				02184E471FBA7D0F000F431B /* CreateReviewVC.swift */,
				022B7B851FA8307E00BD8103 /* EditReviewPageVC.swift */,
				026E11A41F9058A50075FF7D /* FeedbackVC.swift */,
				02E31B741F90494000B4AAF2 /* rateVC.swift */,
				02F2CB171F8804540013F88D /* SettingsVC.swift */,
				758A32C61F870BFE00838DDA /* CreateNewPostVC.swift */,
				758A32C21F870B4E00838DDA /* SearchVC.swift */,
				758A32AC1F85A71000838DDA /* LoginViewController.swift */,
				758A32BC1F8709EC00838DDA /* MyPostsVC.swift */,
				02F2CB1B1F880BA50013F88D /* ChangePassword.swift */,
				02F181F21F8957F700172C63 /* notificationsVC.swift */,
				758A32B61F87068A00838DDA /* HomePage.swift */,
				75F1353C1F92C81300C07A0F /* PollVC.swift */,
				75F1353E1F92C85100C07A0F /* ReviewVC.swift */,
			);
			name = ViewControllers;
			sourceTree = "<group>";
		};
		75C838371FA16D5000643EFF /* KnowItAllUITests */ = {
			isa = PBXGroup;
			children = (
				75C838381FA16D5000643EFF /* KnowItAllUITests.swift */,
				75C8383A1FA16D5000643EFF /* Info.plist */,
			);
			path = KnowItAllUITests;
			sourceTree = "<group>";
		};
/* End PBXGroup section */

/* Begin PBXNativeTarget section */
		758A32961F85A4D900838DDA /* KnowItAll */ = {
			isa = PBXNativeTarget;
			buildConfigurationList = 758A32A91F85A4D900838DDA /* Build configuration list for PBXNativeTarget "KnowItAll" */;
			buildPhases = (
				BDB5618910F1438489A67BA2 /* [CP] Check Pods Manifest.lock */,
				758A32931F85A4D900838DDA /* Sources */,
				758A32941F85A4D900838DDA /* Frameworks */,
				758A32951F85A4D900838DDA /* Resources */,
				1161F72E9108E288C205A9DC /* [CP] Embed Pods Frameworks */,
				77CB571D6A4C083882D07945 /* [CP] Copy Pods Resources */,
			);
			buildRules = (
			);
			dependencies = (
			);
			name = KnowItAll;
			productName = KnowItAll;
			productReference = 758A32971F85A4D900838DDA /* KnowItAll.app */;
			productType = "com.apple.product-type.application";
		};
		75C838351FA16D5000643EFF /* KnowItAllUITests */ = {
			isa = PBXNativeTarget;
			buildConfigurationList = 75C8383F1FA16D5100643EFF /* Build configuration list for PBXNativeTarget "KnowItAllUITests" */;
			buildPhases = (
				75C838321FA16D5000643EFF /* Sources */,
				75C838331FA16D5000643EFF /* Frameworks */,
				75C838341FA16D5000643EFF /* Resources */,
			);
			buildRules = (
			);
			dependencies = (
				75C8383C1FA16D5000643EFF /* PBXTargetDependency */,
			);
			name = KnowItAllUITests;
			productName = KnowItAllUITests;
			productReference = 75C838361FA16D5000643EFF /* KnowItAllUITests.xctest */;
			productType = "com.apple.product-type.bundle.ui-testing";
		};
/* End PBXNativeTarget section */

/* Begin PBXProject section */
		758A328F1F85A4D900838DDA /* Project object */ = {
			isa = PBXProject;
			attributes = {
				LastSwiftUpdateCheck = 0900;
				LastUpgradeCheck = 0820;
				ORGANIZATIONNAME = "Ashish Keshan";
				TargetAttributes = {
					758A32961F85A4D900838DDA = {
						CreatedOnToolsVersion = 8.2.1;
						DevelopmentTeam = 38FZD6KTC7;
						ProvisioningStyle = Automatic;
					};
					75C838351FA16D5000643EFF = {
						CreatedOnToolsVersion = 9.0.1;
						DevelopmentTeam = 44BCGLCVUS;
						ProvisioningStyle = Automatic;
						TestTargetID = 758A32961F85A4D900838DDA;
					};
				};
			};
			buildConfigurationList = 758A32921F85A4D900838DDA /* Build configuration list for PBXProject "KnowItAll" */;
			compatibilityVersion = "Xcode 3.2";
			developmentRegion = English;
			hasScannedForEncodings = 0;
			knownRegions = (
				en,
				Base,
			);
			mainGroup = 758A328E1F85A4D900838DDA;
			productRefGroup = 758A32981F85A4D900838DDA /* Products */;
			projectDirPath = "";
			projectRoot = "";
			targets = (
				758A32961F85A4D900838DDA /* KnowItAll */,
				75C838351FA16D5000643EFF /* KnowItAllUITests */,
			);
		};
/* End PBXProject section */

/* Begin PBXResourcesBuildPhase section */
		758A32951F85A4D900838DDA /* Resources */ = {
			isa = PBXResourcesBuildPhase;
			buildActionMask = 2147483647;
			files = (
				758A32B31F8704D700838DDA /* HomePage.storyboard in Resources */,
				022B7B841FA82F6500BD8103 /* EditReviewPage.storyboard in Resources */,
				026E11B51F90722F0075FF7D /* SpecificPollCell.xib in Resources */,
				75F135391F92BBAD00C07A0F /* PollPage.storyboard in Resources */,
				758A32B11F87040C00838DDA /* TabBar.storyboard in Resources */,
				758A32A51F85A4D900838DDA /* LaunchScreen.storyboard in Resources */,
				758A32C51F870BE500838DDA /* CreateNewPost.storyboard in Resources */,
				75D59E411F8C3A3C00F3C854 /* Assets.xcassets in Resources */,
				024FA02A1F918C9A0088EABB /* SpecificReviewCell.xib in Resources */,
				758A32C11F870B3300838DDA /* Search.storyboard in Resources */,
				75F1353B1F92C1F200C07A0F /* ReviewPage.storyboard in Resources */,
				758A32BB1F8709BE00838DDA /* MyPosts.storyboard in Resources */,
				758A32A01F85A4D900838DDA /* Main.storyboard in Resources */,
				02D57DF51F88575B0086E002 /* Settings.storyboard in Resources */,
			);
			runOnlyForDeploymentPostprocessing = 0;
		};
		75C838341FA16D5000643EFF /* Resources */ = {
			isa = PBXResourcesBuildPhase;
			buildActionMask = 2147483647;
			files = (
			);
			runOnlyForDeploymentPostprocessing = 0;
		};
/* End PBXResourcesBuildPhase section */

/* Begin PBXShellScriptBuildPhase section */
		1161F72E9108E288C205A9DC /* [CP] Embed Pods Frameworks */ = {
			isa = PBXShellScriptBuildPhase;
			buildActionMask = 2147483647;
			files = (
			);
			inputPaths = (
				"${SRCROOT}/Pods/Target Support Files/Pods-KnowItAll/Pods-KnowItAll-frameworks.sh",
				"${BUILT_PRODUCTS_DIR}/BCryptSwift/BCryptSwift.framework",
				"${BUILT_PRODUCTS_DIR}/Cosmos/Cosmos.framework",
				"${BUILT_PRODUCTS_DIR}/SwiftyJSON/SwiftyJSON.framework",
			);
			name = "[CP] Embed Pods Frameworks";
			outputPaths = (
				"${TARGET_BUILD_DIR}/${FRAMEWORKS_FOLDER_PATH}/BCryptSwift.framework",
				"${TARGET_BUILD_DIR}/${FRAMEWORKS_FOLDER_PATH}/Cosmos.framework",
				"${TARGET_BUILD_DIR}/${FRAMEWORKS_FOLDER_PATH}/SwiftyJSON.framework",
			);
			runOnlyForDeploymentPostprocessing = 0;
			shellPath = /bin/sh;
			shellScript = "\"${SRCROOT}/Pods/Target Support Files/Pods-KnowItAll/Pods-KnowItAll-frameworks.sh\"\n";
			showEnvVarsInLog = 0;
		};
		77CB571D6A4C083882D07945 /* [CP] Copy Pods Resources */ = {
			isa = PBXShellScriptBuildPhase;
			buildActionMask = 2147483647;
			files = (
			);
			inputPaths = (
			);
			name = "[CP] Copy Pods Resources";
			outputPaths = (
			);
			runOnlyForDeploymentPostprocessing = 0;
			shellPath = /bin/sh;
			shellScript = "\"${SRCROOT}/Pods/Target Support Files/Pods-KnowItAll/Pods-KnowItAll-resources.sh\"\n";
			showEnvVarsInLog = 0;
		};
		BDB5618910F1438489A67BA2 /* [CP] Check Pods Manifest.lock */ = {
			isa = PBXShellScriptBuildPhase;
			buildActionMask = 2147483647;
			files = (
			);
			inputPaths = (
				"${PODS_PODFILE_DIR_PATH}/Podfile.lock",
				"${PODS_ROOT}/Manifest.lock",
			);
			name = "[CP] Check Pods Manifest.lock";
			outputPaths = (
				"$(DERIVED_FILE_DIR)/Pods-KnowItAll-checkManifestLockResult.txt",
			);
			runOnlyForDeploymentPostprocessing = 0;
			shellPath = /bin/sh;
			shellScript = "diff \"${PODS_PODFILE_DIR_PATH}/Podfile.lock\" \"${PODS_ROOT}/Manifest.lock\" > /dev/null\nif [ $? != 0 ] ; then\n    # print error to STDERR\n    echo \"error: The sandbox is not in sync with the Podfile.lock. Run 'pod install' or update your CocoaPods installation.\" >&2\n    exit 1\nfi\n# This output is used by Xcode 'outputs' to avoid re-running this script phase.\necho \"SUCCESS\" > \"${SCRIPT_OUTPUT_FILE_0}\"\n";
			showEnvVarsInLog = 0;
		};
/* End PBXShellScriptBuildPhase section */

/* Begin PBXSourcesBuildPhase section */
		758A32931F85A4D900838DDA /* Sources */ = {
			isa = PBXSourcesBuildPhase;
			buildActionMask = 2147483647;
			files = (
				280F1A0F1F92C75C00CFB879 /* Constants.swift in Sources */,
				02B0BF6C1F932BE3007A159F /* Topic.swift in Sources */,
				026E11B41F90722F0075FF7D /* SpecificPollCell.swift in Sources */,
				28BE28721F917E8100557D85 /* BackendConnector.swift in Sources */,
				7537F0D71F906EEC00839AB3 /* TopicPollCell.swift in Sources */,
				0245DD821F902A56000B26F5 /* Poll.swift in Sources */,
				758A32C31F870B4E00838DDA /* SearchVC.swift in Sources */,
				02F2CB1C1F880BA50013F88D /* ChangePassword.swift in Sources */,
				02184E481FBA7D0F000F431B /* CreateReviewVC.swift in Sources */,
				75F135411F92E09400C07A0F /* PollOptionCell.swift in Sources */,
				758A32AD1F85A71000838DDA /* LoginViewController.swift in Sources */,
				024FA0291F918C9A0088EABB /* SpecificReviewCell.swift in Sources */,
				758A32C71F870BFE00838DDA /* CreateNewPostVC.swift in Sources */,
				02D95BCF1F8B232F00E57721 /* NotificationCell.swift in Sources */,
				758A32B71F87068A00838DDA /* HomePage.swift in Sources */,
				758A32BD1F8709EC00838DDA /* MyPostsVC.swift in Sources */,
				026E11A51F9058A50075FF7D /* FeedbackVC.swift in Sources */,
				75F1353D1F92C81300C07A0F /* PollVC.swift in Sources */,
				02E31B751F90494000B4AAF2 /* rateVC.swift in Sources */,
				758A32CD1F8836FA00838DDA /* (null) in Sources */,
				0245DD801F902916000B26F5 /* User.swift in Sources */,
				02F2CB181F8804540013F88D /* SettingsVC.swift in Sources */,
				758A32D11F8B326E00838DDA /* TopicReviewCell.swift in Sources */,
				7578151A1F9442F200D6F1C0 /* TopicPageReviewCell.swift in Sources */,
				02D95BCD1F8B231400E57721 /* Notif.swift in Sources */,
				02B0BF6A1F92D0FF007A159F /* AnswerCell.swift in Sources */,
				0245DD841F902A5F000B26F5 /* Review.swift in Sources */,
				758A329B1F85A4D900838DDA /* AppDelegate.swift in Sources */,
				758A32B91F8708CB00838DDA /* TabBar.swift in Sources */,
				02F181F31F8957F700172C63 /* notificationsVC.swift in Sources */,
				75F1353F1F92C85100C07A0F /* ReviewVC.swift in Sources */,
				026E11A71F9061E70075FF7D /* Post.swift in Sources */,
				022B7B861FA8307E00BD8103 /* EditReviewPageVC.swift in Sources */,
			);
			runOnlyForDeploymentPostprocessing = 0;
		};
		75C838321FA16D5000643EFF /* Sources */ = {
			isa = PBXSourcesBuildPhase;
			buildActionMask = 2147483647;
			files = (
				75C838391FA16D5000643EFF /* KnowItAllUITests.swift in Sources */,
			);
			runOnlyForDeploymentPostprocessing = 0;
		};
/* End PBXSourcesBuildPhase section */

/* Begin PBXTargetDependency section */
		75C8383C1FA16D5000643EFF /* PBXTargetDependency */ = {
			isa = PBXTargetDependency;
			target = 758A32961F85A4D900838DDA /* KnowItAll */;
			targetProxy = 75C8383B1FA16D5000643EFF /* PBXContainerItemProxy */;
		};
/* End PBXTargetDependency section */

/* Begin PBXVariantGroup section */
		758A329E1F85A4D900838DDA /* Main.storyboard */ = {
			isa = PBXVariantGroup;
			children = (
				758A329F1F85A4D900838DDA /* Base */,
			);
			name = Main.storyboard;
			sourceTree = "<group>";
		};
		758A32A31F85A4D900838DDA /* LaunchScreen.storyboard */ = {
			isa = PBXVariantGroup;
			children = (
				758A32A41F85A4D900838DDA /* Base */,
			);
			name = LaunchScreen.storyboard;
			sourceTree = "<group>";
		};
/* End PBXVariantGroup section */

/* Begin XCBuildConfiguration section */
		758A32A71F85A4D900838DDA /* Debug */ = {
			isa = XCBuildConfiguration;
			buildSettings = {
				ALWAYS_SEARCH_USER_PATHS = NO;
				CLANG_ANALYZER_NONNULL = YES;
				CLANG_CXX_LANGUAGE_STANDARD = "gnu++0x";
				CLANG_CXX_LIBRARY = "libc++";
				CLANG_ENABLE_MODULES = YES;
				CLANG_ENABLE_OBJC_ARC = YES;
				CLANG_WARN_BOOL_CONVERSION = YES;
				CLANG_WARN_CONSTANT_CONVERSION = YES;
				CLANG_WARN_DIRECT_OBJC_ISA_USAGE = YES_ERROR;
				CLANG_WARN_DOCUMENTATION_COMMENTS = YES;
				CLANG_WARN_EMPTY_BODY = YES;
				CLANG_WARN_ENUM_CONVERSION = YES;
				CLANG_WARN_INFINITE_RECURSION = YES;
				CLANG_WARN_INT_CONVERSION = YES;
				CLANG_WARN_OBJC_ROOT_CLASS = YES_ERROR;
				CLANG_WARN_SUSPICIOUS_MOVE = YES;
				CLANG_WARN_UNREACHABLE_CODE = YES;
				CLANG_WARN__DUPLICATE_METHOD_MATCH = YES;
				"CODE_SIGN_IDENTITY[sdk=iphoneos*]" = "iPhone Developer";
				COPY_PHASE_STRIP = NO;
				DEBUG_INFORMATION_FORMAT = dwarf;
				ENABLE_STRICT_OBJC_MSGSEND = YES;
				ENABLE_TESTABILITY = YES;
				GCC_C_LANGUAGE_STANDARD = gnu99;
				GCC_DYNAMIC_NO_PIC = NO;
				GCC_NO_COMMON_BLOCKS = YES;
				GCC_OPTIMIZATION_LEVEL = 0;
				GCC_PREPROCESSOR_DEFINITIONS = (
					"DEBUG=1",
					"$(inherited)",
				);
				GCC_WARN_64_TO_32_BIT_CONVERSION = YES;
				GCC_WARN_ABOUT_RETURN_TYPE = YES_ERROR;
				GCC_WARN_UNDECLARED_SELECTOR = YES;
				GCC_WARN_UNINITIALIZED_AUTOS = YES_AGGRESSIVE;
				GCC_WARN_UNUSED_FUNCTION = YES;
				GCC_WARN_UNUSED_VARIABLE = YES;
				IPHONEOS_DEPLOYMENT_TARGET = 10.2;
				MTL_ENABLE_DEBUG_INFO = YES;
				ONLY_ACTIVE_ARCH = YES;
				SDKROOT = iphoneos;
				SWIFT_ACTIVE_COMPILATION_CONDITIONS = DEBUG;
				SWIFT_OPTIMIZATION_LEVEL = "-Onone";
			};
			name = Debug;
		};
		758A32A81F85A4D900838DDA /* Release */ = {
			isa = XCBuildConfiguration;
			buildSettings = {
				ALWAYS_SEARCH_USER_PATHS = NO;
				CLANG_ANALYZER_NONNULL = YES;
				CLANG_CXX_LANGUAGE_STANDARD = "gnu++0x";
				CLANG_CXX_LIBRARY = "libc++";
				CLANG_ENABLE_MODULES = YES;
				CLANG_ENABLE_OBJC_ARC = YES;
				CLANG_WARN_BOOL_CONVERSION = YES;
				CLANG_WARN_CONSTANT_CONVERSION = YES;
				CLANG_WARN_DIRECT_OBJC_ISA_USAGE = YES_ERROR;
				CLANG_WARN_DOCUMENTATION_COMMENTS = YES;
				CLANG_WARN_EMPTY_BODY = YES;
				CLANG_WARN_ENUM_CONVERSION = YES;
				CLANG_WARN_INFINITE_RECURSION = YES;
				CLANG_WARN_INT_CONVERSION = YES;
				CLANG_WARN_OBJC_ROOT_CLASS = YES_ERROR;
				CLANG_WARN_SUSPICIOUS_MOVE = YES;
				CLANG_WARN_UNREACHABLE_CODE = YES;
				CLANG_WARN__DUPLICATE_METHOD_MATCH = YES;
				"CODE_SIGN_IDENTITY[sdk=iphoneos*]" = "iPhone Developer";
				COPY_PHASE_STRIP = NO;
				DEBUG_INFORMATION_FORMAT = "dwarf-with-dsym";
				ENABLE_NS_ASSERTIONS = NO;
				ENABLE_STRICT_OBJC_MSGSEND = YES;
				GCC_C_LANGUAGE_STANDARD = gnu99;
				GCC_NO_COMMON_BLOCKS = YES;
				GCC_WARN_64_TO_32_BIT_CONVERSION = YES;
				GCC_WARN_ABOUT_RETURN_TYPE = YES_ERROR;
				GCC_WARN_UNDECLARED_SELECTOR = YES;
				GCC_WARN_UNINITIALIZED_AUTOS = YES_AGGRESSIVE;
				GCC_WARN_UNUSED_FUNCTION = YES;
				GCC_WARN_UNUSED_VARIABLE = YES;
				IPHONEOS_DEPLOYMENT_TARGET = 10.2;
				MTL_ENABLE_DEBUG_INFO = NO;
				SDKROOT = iphoneos;
				SWIFT_OPTIMIZATION_LEVEL = "-Owholemodule";
				VALIDATE_PRODUCT = YES;
			};
			name = Release;
		};
		758A32AA1F85A4D900838DDA /* Debug */ = {
			isa = XCBuildConfiguration;
			baseConfigurationReference = 7EBDFBE2BA2E3DA09DA4C697 /* Pods-KnowItAll.debug.xcconfig */;
			buildSettings = {
				ASSETCATALOG_COMPILER_APPICON_NAME = AppIcon;
				DEVELOPMENT_TEAM = 38FZD6KTC7;
				INFOPLIST_FILE = KnowItAll/Info.plist;
				LD_RUNPATH_SEARCH_PATHS = "$(inherited) @executable_path/Frameworks";
				PRODUCT_BUNDLE_IDENTIFIER = com.knowItAll.KnowItAll2;
				PRODUCT_NAME = "$(TARGET_NAME)";
				SWIFT_VERSION = 3.0;
			};
			name = Debug;
		};
		758A32AB1F85A4D900838DDA /* Release */ = {
			isa = XCBuildConfiguration;
			baseConfigurationReference = 505B88AA0558E2344579971B /* Pods-KnowItAll.release.xcconfig */;
			buildSettings = {
				ASSETCATALOG_COMPILER_APPICON_NAME = AppIcon;
				DEVELOPMENT_TEAM = 38FZD6KTC7;
				INFOPLIST_FILE = KnowItAll/Info.plist;
				LD_RUNPATH_SEARCH_PATHS = "$(inherited) @executable_path/Frameworks";
				PRODUCT_BUNDLE_IDENTIFIER = com.knowItAll.KnowItAll2;
				PRODUCT_NAME = "$(TARGET_NAME)";
				SWIFT_VERSION = 3.0;
			};
			name = Release;
		};
		75C8383D1FA16D5000643EFF /* Debug */ = {
			isa = XCBuildConfiguration;
			buildSettings = {
				CLANG_ANALYZER_NUMBER_OBJECT_CONVERSION = YES_AGGRESSIVE;
				CLANG_CXX_LANGUAGE_STANDARD = "gnu++14";
				CLANG_WARN_BLOCK_CAPTURE_AUTORELEASING = YES;
				CLANG_WARN_COMMA = YES;
				CLANG_WARN_NON_LITERAL_NULL_CONVERSION = YES;
				CLANG_WARN_OBJC_LITERAL_CONVERSION = YES;
				CLANG_WARN_RANGE_LOOP_ANALYSIS = YES;
				CLANG_WARN_STRICT_PROTOTYPES = YES;
				CLANG_WARN_UNGUARDED_AVAILABILITY = YES_AGGRESSIVE;
				CODE_SIGN_IDENTITY = "iPhone Developer";
				CODE_SIGN_STYLE = Automatic;
				DEVELOPMENT_TEAM = 44BCGLCVUS;
				GCC_C_LANGUAGE_STANDARD = gnu11;
				INFOPLIST_FILE = KnowItAllUITests/Info.plist;
				IPHONEOS_DEPLOYMENT_TARGET = 11.0;
				LD_RUNPATH_SEARCH_PATHS = "$(inherited) @executable_path/Frameworks @loader_path/Frameworks";
				PRODUCT_BUNDLE_IDENTIFIER = com.ashishkeshan.KnowItAllUITests;
				PRODUCT_NAME = "$(TARGET_NAME)";
				SWIFT_VERSION = 4.0;
				TARGETED_DEVICE_FAMILY = "1,2";
				TEST_TARGET_NAME = KnowItAll;
			};
			name = Debug;
		};
		75C8383E1FA16D5000643EFF /* Release */ = {
			isa = XCBuildConfiguration;
			buildSettings = {
				CLANG_ANALYZER_NUMBER_OBJECT_CONVERSION = YES_AGGRESSIVE;
				CLANG_CXX_LANGUAGE_STANDARD = "gnu++14";
				CLANG_WARN_BLOCK_CAPTURE_AUTORELEASING = YES;
				CLANG_WARN_COMMA = YES;
				CLANG_WARN_NON_LITERAL_NULL_CONVERSION = YES;
				CLANG_WARN_OBJC_LITERAL_CONVERSION = YES;
				CLANG_WARN_RANGE_LOOP_ANALYSIS = YES;
				CLANG_WARN_STRICT_PROTOTYPES = YES;
				CLANG_WARN_UNGUARDED_AVAILABILITY = YES_AGGRESSIVE;
				CODE_SIGN_IDENTITY = "iPhone Developer";
				CODE_SIGN_STYLE = Automatic;
				DEVELOPMENT_TEAM = 44BCGLCVUS;
				GCC_C_LANGUAGE_STANDARD = gnu11;
				INFOPLIST_FILE = KnowItAllUITests/Info.plist;
				IPHONEOS_DEPLOYMENT_TARGET = 11.0;
				LD_RUNPATH_SEARCH_PATHS = "$(inherited) @executable_path/Frameworks @loader_path/Frameworks";
				PRODUCT_BUNDLE_IDENTIFIER = com.ashishkeshan.KnowItAllUITests;
				PRODUCT_NAME = "$(TARGET_NAME)";
				SWIFT_VERSION = 4.0;
				TARGETED_DEVICE_FAMILY = "1,2";
				TEST_TARGET_NAME = KnowItAll;
			};
			name = Release;
		};
/* End XCBuildConfiguration section */

/* Begin XCConfigurationList section */
		758A32921F85A4D900838DDA /* Build configuration list for PBXProject "KnowItAll" */ = {
			isa = XCConfigurationList;
			buildConfigurations = (
				758A32A71F85A4D900838DDA /* Debug */,
				758A32A81F85A4D900838DDA /* Release */,
			);
			defaultConfigurationIsVisible = 0;
			defaultConfigurationName = Release;
		};
		758A32A91F85A4D900838DDA /* Build configuration list for PBXNativeTarget "KnowItAll" */ = {
			isa = XCConfigurationList;
			buildConfigurations = (
				758A32AA1F85A4D900838DDA /* Debug */,
				758A32AB1F85A4D900838DDA /* Release */,
			);
			defaultConfigurationIsVisible = 0;
			defaultConfigurationName = Release;
		};
		75C8383F1FA16D5100643EFF /* Build configuration list for PBXNativeTarget "KnowItAllUITests" */ = {
			isa = XCConfigurationList;
			buildConfigurations = (
				75C8383D1FA16D5000643EFF /* Debug */,
				75C8383E1FA16D5000643EFF /* Release */,
			);
			defaultConfigurationIsVisible = 0;
			defaultConfigurationName = Release;
		};
/* End XCConfigurationList section */
	};
	rootObject = 758A328F1F85A4D900838DDA /* Project object */;
}
